
Microsoft Visual Studio Solution File, Format Version 12.00
# Visual Studio Version 17
VisualStudioVersion = 17.8.34330.188
MinimumVisualStudioVersion = 10.0.40219.1
Project("{FAE04EC0-301F-11D3-BF4B-00C04F79EFBC}") = "MonitoringAndAnalysis", "MonitoringAndAnalysis\MonitoringAndAnalysis.csproj", "{4288C9AD-147A-4305-9DBF-5301F601820B}"
EndProject
Global
	GlobalSection(SolutionConfigurationPlatforms) = preSolution
		Debug|Any CPU = Debug|Any CPU
		Release|Any CPU = Release|Any CPU
	EndGlobalSection
	GlobalSection(ProjectConfigurationPlatforms) = postSolution
		{4288C9AD-147A-4305-9DBF-5301F601820B}.Debug|Any CPU.ActiveCfg = Debug|Any CPU
		{4288C9AD-147A-4305-9DBF-5301F601820B}.Debug|Any CPU.Build.0 = Debug|Any CPU
		{4288C9AD-147A-4305-9DBF-5301F601820B}.Release|Any CPU.ActiveCfg = Release|Any CPU
		{4288C9AD-147A-4305-9DBF-5301F601820B}.Release|Any CPU.Build.0 = Release|Any CPU
	EndGlobalSection
	GlobalSection(SolutionProperties) = preSolution
		HideSolutionNode = FALSE
	EndGlobalSection
	GlobalSection(ExtensibilityGlobals) = postSolution
		SolutionGuid = {9270FB1C-5028-4EB2-9BC1-48E72E47E36C}
	EndGlobalSection
EndGlobal
